
Microsoft Visual Studio Solution File, Format Version 12.00
# Visual Studio Version 17
VisualStudioVersion = 17.9.34701.34
MinimumVisualStudioVersion = 10.0.40219.1
Project("{2150E333-8FDC-42A3-9474-1A3956D46DE8}") = "Clean", "Clean", "{E3D42833-5CDC-43D1-8CE1-B72D9A19C279}"
EndProject
Project("{9A19103F-16F7-4668-BE54-9A1E7A4F7556}") = "Domain", "Clean\Domain\Domain.csproj", "{374783CC-2251-4614-ADC4-0EE7A314923E}"
EndProject
Project("{9A19103F-16F7-4668-BE54-9A1E7A4F7556}") = "Infrastructure", "Clean\Infrastructure\Infrastructure.csproj", "{A6498AF0-ED33-452E-994B-2B54AD3C5A85}"
EndProject
Project("{9A19103F-16F7-4668-BE54-9A1E7A4F7556}") = "Presentation", "Clean\Presentation\Presentation.csproj", "{DAF3CFFB-9FA6-41EC-B330-6945CD64B762}"
EndProject
Project("{2150E333-8FDC-42A3-9474-1A3956D46DE8}") = "Onion", "Onion", "{AFA4BBC3-F215-4137-8556-40D0FF3DF1AE}"
EndProject
Project("{2150E333-8FDC-42A3-9474-1A3956D46DE8}") = "Core", "Core", "{0CE8B42F-CDD7-494A-8FC4-78250F6A2426}"
EndProject
Project("{2150E333-8FDC-42A3-9474-1A3956D46DE8}") = "Infrastructure", "Infrastructure", "{985BB401-C107-4C27-A67C-00A12CF8C6E8}"
EndProject
Project("{9A19103F-16F7-4668-BE54-9A1E7A4F7556}") = "Contracts", "Onion\Core\Contracts\Contracts.csproj", "{4F88177D-3DD4-4335-A5A8-F1C20575CA4D}"
EndProject
Project("{9A19103F-16F7-4668-BE54-9A1E7A4F7556}") = "Domain", "Onion\Core\Domain\Domain.csproj", "{F1E90A70-3D2E-43EF-8BC8-6FCA601FD29E}"
EndProject
Project("{9A19103F-16F7-4668-BE54-9A1E7A4F7556}") = "Services", "Onion\Core\Services\Services.csproj", "{79263358-A4C1-4E20-8561-F603042F2EFF}"
EndProject
Project("{9A19103F-16F7-4668-BE54-9A1E7A4F7556}") = "Services.Abstractions", "Onion\Core\Services.Abstractions\Services.Abstractions.csproj", "{D2AF4716-BF9E-4596-AC39-56F4A1321151}"
EndProject
Project("{9A19103F-16F7-4668-BE54-9A1E7A4F7556}") = "Persistence", "Onion\Infrastructure\Persistence\Persistence.csproj", "{8F61C8C6-FC7D-49E2-AC8C-5AC1BB54A826}"
EndProject
Project("{9A19103F-16F7-4668-BE54-9A1E7A4F7556}") = "Presentation", "Onion\Infrastructure\Presentation\Presentation.csproj", "{6F9052AE-94A7-483A-ADA4-4CECA0989FF1}"
EndProject
Project("{9A19103F-16F7-4668-BE54-9A1E7A4F7556}") = "WebApi", "Onion\WebApi\WebApi.csproj", "{DCEB59C3-9842-49E8-B612-010FE42CE63F}"
EndProject
Project("{2150E333-8FDC-42A3-9474-1A3956D46DE8}") = "Onion_CQRS", "Onion_CQRS", "{B8354115-BC93-4C6B-A925-57245B94D546}"
EndProject
Project("{2150E333-8FDC-42A3-9474-1A3956D46DE8}") = "Core", "Core", "{07E8A853-3FEA-4BD4-B027-F44114319758}"
EndProject
Project("{2150E333-8FDC-42A3-9474-1A3956D46DE8}") = "Infrastructure", "Infrastructure", "{2161B87C-EBEC-49C8-AF76-060748BE4D0D}"
EndProject
Project("{2150E333-8FDC-42A3-9474-1A3956D46DE8}") = "Presentation", "Presentation", "{B599282D-ADC0-4068-9C2C-A5A56F2EE694}"
EndProject
Project("{9A19103F-16F7-4668-BE54-9A1E7A4F7556}") = "Domain", "Onion_CQRS\Core\Domain\Domain.csproj", "{B97B7193-2BDE-4A3C-896D-52C901C72A48}"
EndProject
Project("{9A19103F-16F7-4668-BE54-9A1E7A4F7556}") = "Application", "Onion_CQRS\Core\Application\Application.csproj", "{9569D9D0-1918-4668-B6DD-5E0C177127A0}"
EndProject
Project("{9A19103F-16F7-4668-BE54-9A1E7A4F7556}") = "Persistence", "Onion_CQRS\Infrastructure\Persistence\Persistence.csproj", "{7099390C-E530-4631-9001-5BF363F6336A}"
EndProject
Project("{9A19103F-16F7-4668-BE54-9A1E7A4F7556}") = "WebApi", "Onion_CQRS\Presentation\WebApi\WebApi.csproj", "{3F3B4649-3550-4A45-967E-10C25F10D4D6}"
EndProject
Project("{2150E333-8FDC-42A3-9474-1A3956D46DE8}") = "Plugin", "Plugin", "{B42A48C2-9914-4875-82E1-1522E6AD3BC1}"
EndProject
Project("{9A19103F-16F7-4668-BE54-9A1E7A4F7556}") = "PluginExample", "Plugin\PluginExample\PluginExample.csproj", "{55E01093-1787-4405-811E-6A99F62E9E06}"
EndProject
Project("{9A19103F-16F7-4668-BE54-9A1E7A4F7556}") = "ImplementationBase", "Plugin\ImplementationBase\ImplementationBase.csproj", "{FD69B143-3156-49F4-919C-DFDBC1761CE1}"
EndProject
Project("{2150E333-8FDC-42A3-9474-1A3956D46DE8}") = "DDD", "DDD", "{1837C1EC-7C59-4576-A27C-2B11A332FFA0}"
EndProject
Project("{9A19103F-16F7-4668-BE54-9A1E7A4F7556}") = "Framework", "DDD\Framework\Framework.csproj", "{CE11BA01-EA29-4A4D-85D7-0692BF4D1D6C}"
EndProject
Project("{9A19103F-16F7-4668-BE54-9A1E7A4F7556}") = "ReadModel", "DDD\ReadModel\ReadModel.csproj", "{E4F00FEA-B198-4A92-846B-5A49D7A6340B}"
EndProject
Project("{9A19103F-16F7-4668-BE54-9A1E7A4F7556}") = "WriteModel", "DDD\WriteModel\WriteModel.csproj", "{17095970-FEAC-44DA-9CB1-DCA061A25B24}"
EndProject
Project("{FAE04EC0-301F-11D3-BF4B-00C04F79EFBC}") = "API", "DDD\API\API.csproj", "{5F8D9A84-3F29-4BF8-A2F5-2BF8A5D8752C}"
EndProject
Global
	GlobalSection(SolutionConfigurationPlatforms) = preSolution
		Debug|Any CPU = Debug|Any CPU
		Release|Any CPU = Release|Any CPU
	EndGlobalSection
	GlobalSection(ProjectConfigurationPlatforms) = postSolution
		{374783CC-2251-4614-ADC4-0EE7A314923E}.Debug|Any CPU.ActiveCfg = Debug|Any CPU
		{374783CC-2251-4614-ADC4-0EE7A314923E}.Debug|Any CPU.Build.0 = Debug|Any CPU
		{374783CC-2251-4614-ADC4-0EE7A314923E}.Release|Any CPU.ActiveCfg = Release|Any CPU
		{374783CC-2251-4614-ADC4-0EE7A314923E}.Release|Any CPU.Build.0 = Release|Any CPU
		{A6498AF0-ED33-452E-994B-2B54AD3C5A85}.Debug|Any CPU.ActiveCfg = Debug|Any CPU
		{A6498AF0-ED33-452E-994B-2B54AD3C5A85}.Debug|Any CPU.Build.0 = Debug|Any CPU
		{A6498AF0-ED33-452E-994B-2B54AD3C5A85}.Release|Any CPU.ActiveCfg = Release|Any CPU
		{A6498AF0-ED33-452E-994B-2B54AD3C5A85}.Release|Any CPU.Build.0 = Release|Any CPU
		{DAF3CFFB-9FA6-41EC-B330-6945CD64B762}.Debug|Any CPU.ActiveCfg = Debug|Any CPU
		{DAF3CFFB-9FA6-41EC-B330-6945CD64B762}.Debug|Any CPU.Build.0 = Debug|Any CPU
		{DAF3CFFB-9FA6-41EC-B330-6945CD64B762}.Release|Any CPU.ActiveCfg = Release|Any CPU
		{DAF3CFFB-9FA6-41EC-B330-6945CD64B762}.Release|Any CPU.Build.0 = Release|Any CPU
		{4F88177D-3DD4-4335-A5A8-F1C20575CA4D}.Debug|Any CPU.ActiveCfg = Debug|Any CPU
		{4F88177D-3DD4-4335-A5A8-F1C20575CA4D}.Debug|Any CPU.Build.0 = Debug|Any CPU
		{4F88177D-3DD4-4335-A5A8-F1C20575CA4D}.Release|Any CPU.ActiveCfg = Release|Any CPU
		{4F88177D-3DD4-4335-A5A8-F1C20575CA4D}.Release|Any CPU.Build.0 = Release|Any CPU
		{F1E90A70-3D2E-43EF-8BC8-6FCA601FD29E}.Debug|Any CPU.ActiveCfg = Debug|Any CPU
		{F1E90A70-3D2E-43EF-8BC8-6FCA601FD29E}.Debug|Any CPU.Build.0 = Debug|Any CPU
		{F1E90A70-3D2E-43EF-8BC8-6FCA601FD29E}.Release|Any CPU.ActiveCfg = Release|Any CPU
		{F1E90A70-3D2E-43EF-8BC8-6FCA601FD29E}.Release|Any CPU.Build.0 = Release|Any CPU
		{79263358-A4C1-4E20-8561-F603042F2EFF}.Debug|Any CPU.ActiveCfg = Debug|Any CPU
		{79263358-A4C1-4E20-8561-F603042F2EFF}.Debug|Any CPU.Build.0 = Debug|Any CPU
		{79263358-A4C1-4E20-8561-F603042F2EFF}.Release|Any CPU.ActiveCfg = Release|Any CPU
		{79263358-A4C1-4E20-8561-F603042F2EFF}.Release|Any CPU.Build.0 = Release|Any CPU
		{D2AF4716-BF9E-4596-AC39-56F4A1321151}.Debug|Any CPU.ActiveCfg = Debug|Any CPU
		{D2AF4716-BF9E-4596-AC39-56F4A1321151}.Debug|Any CPU.Build.0 = Debug|Any CPU
		{D2AF4716-BF9E-4596-AC39-56F4A1321151}.Release|Any CPU.ActiveCfg = Release|Any CPU
		{D2AF4716-BF9E-4596-AC39-56F4A1321151}.Release|Any CPU.Build.0 = Release|Any CPU
		{8F61C8C6-FC7D-49E2-AC8C-5AC1BB54A826}.Debug|Any CPU.ActiveCfg = Debug|Any CPU
		{8F61C8C6-FC7D-49E2-AC8C-5AC1BB54A826}.Debug|Any CPU.Build.0 = Debug|Any CPU
		{8F61C8C6-FC7D-49E2-AC8C-5AC1BB54A826}.Release|Any CPU.ActiveCfg = Release|Any CPU
		{8F61C8C6-FC7D-49E2-AC8C-5AC1BB54A826}.Release|Any CPU.Build.0 = Release|Any CPU
		{6F9052AE-94A7-483A-ADA4-4CECA0989FF1}.Debug|Any CPU.ActiveCfg = Debug|Any CPU
		{6F9052AE-94A7-483A-ADA4-4CECA0989FF1}.Debug|Any CPU.Build.0 = Debug|Any CPU
		{6F9052AE-94A7-483A-ADA4-4CECA0989FF1}.Release|Any CPU.ActiveCfg = Release|Any CPU
		{6F9052AE-94A7-483A-ADA4-4CECA0989FF1}.Release|Any CPU.Build.0 = Release|Any CPU
		{DCEB59C3-9842-49E8-B612-010FE42CE63F}.Debug|Any CPU.ActiveCfg = Debug|Any CPU
		{DCEB59C3-9842-49E8-B612-010FE42CE63F}.Debug|Any CPU.Build.0 = Debug|Any CPU
		{DCEB59C3-9842-49E8-B612-010FE42CE63F}.Release|Any CPU.ActiveCfg = Release|Any CPU
		{DCEB59C3-9842-49E8-B612-010FE42CE63F}.Release|Any CPU.Build.0 = Release|Any CPU
		{B97B7193-2BDE-4A3C-896D-52C901C72A48}.Debug|Any CPU.ActiveCfg = Debug|Any CPU
		{B97B7193-2BDE-4A3C-896D-52C901C72A48}.Debug|Any CPU.Build.0 = Debug|Any CPU
		{B97B7193-2BDE-4A3C-896D-52C901C72A48}.Release|Any CPU.ActiveCfg = Release|Any CPU
		{B97B7193-2BDE-4A3C-896D-52C901C72A48}.Release|Any CPU.Build.0 = Release|Any CPU
		{9569D9D0-1918-4668-B6DD-5E0C177127A0}.Debug|Any CPU.ActiveCfg = Debug|Any CPU
		{9569D9D0-1918-4668-B6DD-5E0C177127A0}.Debug|Any CPU.Build.0 = Debug|Any CPU
		{9569D9D0-1918-4668-B6DD-5E0C177127A0}.Release|Any CPU.ActiveCfg = Release|Any CPU
		{9569D9D0-1918-4668-B6DD-5E0C177127A0}.Release|Any CPU.Build.0 = Release|Any CPU
		{7099390C-E530-4631-9001-5BF363F6336A}.Debug|Any CPU.ActiveCfg = Debug|Any CPU
		{7099390C-E530-4631-9001-5BF363F6336A}.Debug|Any CPU.Build.0 = Debug|Any CPU
		{7099390C-E530-4631-9001-5BF363F6336A}.Release|Any CPU.ActiveCfg = Release|Any CPU
		{7099390C-E530-4631-9001-5BF363F6336A}.Release|Any CPU.Build.0 = Release|Any CPU
		{3F3B4649-3550-4A45-967E-10C25F10D4D6}.Debug|Any CPU.ActiveCfg = Debug|Any CPU
		{3F3B4649-3550-4A45-967E-10C25F10D4D6}.Debug|Any CPU.Build.0 = Debug|Any CPU
		{3F3B4649-3550-4A45-967E-10C25F10D4D6}.Release|Any CPU.ActiveCfg = Release|Any CPU
		{3F3B4649-3550-4A45-967E-10C25F10D4D6}.Release|Any CPU.Build.0 = Release|Any CPU
		{55E01093-1787-4405-811E-6A99F62E9E06}.Debug|Any CPU.ActiveCfg = Debug|Any CPU
		{55E01093-1787-4405-811E-6A99F62E9E06}.Debug|Any CPU.Build.0 = Debug|Any CPU
		{55E01093-1787-4405-811E-6A99F62E9E06}.Release|Any CPU.ActiveCfg = Release|Any CPU
		{55E01093-1787-4405-811E-6A99F62E9E06}.Release|Any CPU.Build.0 = Release|Any CPU
		{FD69B143-3156-49F4-919C-DFDBC1761CE1}.Debug|Any CPU.ActiveCfg = Debug|Any CPU
		{FD69B143-3156-49F4-919C-DFDBC1761CE1}.Debug|Any CPU.Build.0 = Debug|Any CPU
		{FD69B143-3156-49F4-919C-DFDBC1761CE1}.Release|Any CPU.ActiveCfg = Release|Any CPU
		{FD69B143-3156-49F4-919C-DFDBC1761CE1}.Release|Any CPU.Build.0 = Release|Any CPU
		{CE11BA01-EA29-4A4D-85D7-0692BF4D1D6C}.Debug|Any CPU.ActiveCfg = Debug|Any CPU
		{CE11BA01-EA29-4A4D-85D7-0692BF4D1D6C}.Debug|Any CPU.Build.0 = Debug|Any CPU
		{CE11BA01-EA29-4A4D-85D7-0692BF4D1D6C}.Release|Any CPU.ActiveCfg = Release|Any CPU
		{CE11BA01-EA29-4A4D-85D7-0692BF4D1D6C}.Release|Any CPU.Build.0 = Release|Any CPU
		{E4F00FEA-B198-4A92-846B-5A49D7A6340B}.Debug|Any CPU.ActiveCfg = Debug|Any CPU
		{E4F00FEA-B198-4A92-846B-5A49D7A6340B}.Debug|Any CPU.Build.0 = Debug|Any CPU
		{E4F00FEA-B198-4A92-846B-5A49D7A6340B}.Release|Any CPU.ActiveCfg = Release|Any CPU
		{E4F00FEA-B198-4A92-846B-5A49D7A6340B}.Release|Any CPU.Build.0 = Release|Any CPU
		{17095970-FEAC-44DA-9CB1-DCA061A25B24}.Debug|Any CPU.ActiveCfg = Debug|Any CPU
		{17095970-FEAC-44DA-9CB1-DCA061A25B24}.Debug|Any CPU.Build.0 = Debug|Any CPU
		{17095970-FEAC-44DA-9CB1-DCA061A25B24}.Release|Any CPU.ActiveCfg = Release|Any CPU
		{17095970-FEAC-44DA-9CB1-DCA061A25B24}.Release|Any CPU.Build.0 = Release|Any CPU
		{5F8D9A84-3F29-4BF8-A2F5-2BF8A5D8752C}.Debug|Any CPU.ActiveCfg = Debug|Any CPU
		{5F8D9A84-3F29-4BF8-A2F5-2BF8A5D8752C}.Debug|Any CPU.Build.0 = Debug|Any CPU
		{5F8D9A84-3F29-4BF8-A2F5-2BF8A5D8752C}.Release|Any CPU.ActiveCfg = Release|Any CPU
		{5F8D9A84-3F29-4BF8-A2F5-2BF8A5D8752C}.Release|Any CPU.Build.0 = Release|Any CPU
	EndGlobalSection
	GlobalSection(SolutionProperties) = preSolution
		HideSolutionNode = FALSE
	EndGlobalSection
	GlobalSection(NestedProjects) = preSolution
		{374783CC-2251-4614-ADC4-0EE7A314923E} = {E3D42833-5CDC-43D1-8CE1-B72D9A19C279}
		{A6498AF0-ED33-452E-994B-2B54AD3C5A85} = {E3D42833-5CDC-43D1-8CE1-B72D9A19C279}
		{DAF3CFFB-9FA6-41EC-B330-6945CD64B762} = {E3D42833-5CDC-43D1-8CE1-B72D9A19C279}
		{0CE8B42F-CDD7-494A-8FC4-78250F6A2426} = {AFA4BBC3-F215-4137-8556-40D0FF3DF1AE}
		{985BB401-C107-4C27-A67C-00A12CF8C6E8} = {AFA4BBC3-F215-4137-8556-40D0FF3DF1AE}
		{4F88177D-3DD4-4335-A5A8-F1C20575CA4D} = {0CE8B42F-CDD7-494A-8FC4-78250F6A2426}
		{F1E90A70-3D2E-43EF-8BC8-6FCA601FD29E} = {0CE8B42F-CDD7-494A-8FC4-78250F6A2426}
		{79263358-A4C1-4E20-8561-F603042F2EFF} = {0CE8B42F-CDD7-494A-8FC4-78250F6A2426}
		{D2AF4716-BF9E-4596-AC39-56F4A1321151} = {0CE8B42F-CDD7-494A-8FC4-78250F6A2426}
		{8F61C8C6-FC7D-49E2-AC8C-5AC1BB54A826} = {985BB401-C107-4C27-A67C-00A12CF8C6E8}
		{6F9052AE-94A7-483A-ADA4-4CECA0989FF1} = {985BB401-C107-4C27-A67C-00A12CF8C6E8}
		{DCEB59C3-9842-49E8-B612-010FE42CE63F} = {AFA4BBC3-F215-4137-8556-40D0FF3DF1AE}
		{07E8A853-3FEA-4BD4-B027-F44114319758} = {B8354115-BC93-4C6B-A925-57245B94D546}
		{2161B87C-EBEC-49C8-AF76-060748BE4D0D} = {B8354115-BC93-4C6B-A925-57245B94D546}
		{B599282D-ADC0-4068-9C2C-A5A56F2EE694} = {B8354115-BC93-4C6B-A925-57245B94D546}
		{B97B7193-2BDE-4A3C-896D-52C901C72A48} = {07E8A853-3FEA-4BD4-B027-F44114319758}
		{9569D9D0-1918-4668-B6DD-5E0C177127A0} = {07E8A853-3FEA-4BD4-B027-F44114319758}
		{7099390C-E530-4631-9001-5BF363F6336A} = {2161B87C-EBEC-49C8-AF76-060748BE4D0D}
		{3F3B4649-3550-4A45-967E-10C25F10D4D6} = {B599282D-ADC0-4068-9C2C-A5A56F2EE694}
		{55E01093-1787-4405-811E-6A99F62E9E06} = {B42A48C2-9914-4875-82E1-1522E6AD3BC1}
		{FD69B143-3156-49F4-919C-DFDBC1761CE1} = {B42A48C2-9914-4875-82E1-1522E6AD3BC1}
		{CE11BA01-EA29-4A4D-85D7-0692BF4D1D6C} = {1837C1EC-7C59-4576-A27C-2B11A332FFA0}
		{E4F00FEA-B198-4A92-846B-5A49D7A6340B} = {1837C1EC-7C59-4576-A27C-2B11A332FFA0}
		{17095970-FEAC-44DA-9CB1-DCA061A25B24} = {1837C1EC-7C59-4576-A27C-2B11A332FFA0}
		{5F8D9A84-3F29-4BF8-A2F5-2BF8A5D8752C} = {1837C1EC-7C59-4576-A27C-2B11A332FFA0}
	EndGlobalSection
	GlobalSection(ExtensibilityGlobals) = postSolution
		SolutionGuid = {4EA48662-7197-462E-9D53-E779AFA11317}
	EndGlobalSection
EndGlobal
