
Microsoft Visual Studio Solution File, Format Version 12.00
# Visual Studio Version 17
VisualStudioVersion = 17.9.34701.34
MinimumVisualStudioVersion = 10.0.40219.1
Project("{2150E333-8FDC-42A3-9474-1A3956D46DE8}") = "Clean", "Clean", "{E3D42833-5CDC-43D1-8CE1-B72D9A19C279}"
EndProject
Project("{FAE04EC0-301F-11D3-BF4B-00C04F79EFBC}") = "Domain", "Clean\Domain\Domain.csproj", "{374783CC-2251-4614-ADC4-0EE7A314923E}"
EndProject
Project("{FAE04EC0-301F-11D3-BF4B-00C04F79EFBC}") = "Infrastructure", "Clean\Infrastructure\Infrastructure.csproj", "{A6498AF0-ED33-452E-994B-2B54AD3C5A85}"
EndProject
Project("{FAE04EC0-301F-11D3-BF4B-00C04F79EFBC}") = "Presentation", "Clean\Presentation\Presentation.csproj", "{DAF3CFFB-9FA6-41EC-B330-6945CD64B762}"
EndProject
Global
	GlobalSection(SolutionConfigurationPlatforms) = preSolution
		Debug|Any CPU = Debug|Any CPU
		Release|Any CPU = Release|Any CPU
	EndGlobalSection
	GlobalSection(ProjectConfigurationPlatforms) = postSolution
		{374783CC-2251-4614-ADC4-0EE7A314923E}.Debug|Any CPU.ActiveCfg = Debug|Any CPU
		{374783CC-2251-4614-ADC4-0EE7A314923E}.Debug|Any CPU.Build.0 = Debug|Any CPU
		{374783CC-2251-4614-ADC4-0EE7A314923E}.Release|Any CPU.ActiveCfg = Release|Any CPU
		{374783CC-2251-4614-ADC4-0EE7A314923E}.Release|Any CPU.Build.0 = Release|Any CPU
		{A6498AF0-ED33-452E-994B-2B54AD3C5A85}.Debug|Any CPU.ActiveCfg = Debug|Any CPU
		{A6498AF0-ED33-452E-994B-2B54AD3C5A85}.Debug|Any CPU.Build.0 = Debug|Any CPU
		{A6498AF0-ED33-452E-994B-2B54AD3C5A85}.Release|Any CPU.ActiveCfg = Release|Any CPU
		{A6498AF0-ED33-452E-994B-2B54AD3C5A85}.Release|Any CPU.Build.0 = Release|Any CPU
		{DAF3CFFB-9FA6-41EC-B330-6945CD64B762}.Debug|Any CPU.ActiveCfg = Debug|Any CPU
		{DAF3CFFB-9FA6-41EC-B330-6945CD64B762}.Debug|Any CPU.Build.0 = Debug|Any CPU
		{DAF3CFFB-9FA6-41EC-B330-6945CD64B762}.Release|Any CPU.ActiveCfg = Release|Any CPU
		{DAF3CFFB-9FA6-41EC-B330-6945CD64B762}.Release|Any CPU.Build.0 = Release|Any CPU
	EndGlobalSection
	GlobalSection(SolutionProperties) = preSolution
		HideSolutionNode = FALSE
	EndGlobalSection
	GlobalSection(NestedProjects) = preSolution
		{374783CC-2251-4614-ADC4-0EE7A314923E} = {E3D42833-5CDC-43D1-8CE1-B72D9A19C279}
		{A6498AF0-ED33-452E-994B-2B54AD3C5A85} = {E3D42833-5CDC-43D1-8CE1-B72D9A19C279}
		{DAF3CFFB-9FA6-41EC-B330-6945CD64B762} = {E3D42833-5CDC-43D1-8CE1-B72D9A19C279}
	EndGlobalSection
	GlobalSection(ExtensibilityGlobals) = postSolution
		SolutionGuid = {4EA48662-7197-462E-9D53-E779AFA11317}
	EndGlobalSection
EndGlobal
